// !$*UTF8*$!
{
	archiveVersion = 1;
	classes = {
	};
	objectVersion = 46;
	objects = {

/* Begin PBXBuildFile section */
		04F28EB419EFB3FA00613E4C /* main.m in Sources */ = {isa = PBXBuildFile; fileRef = 04F28EB319EFB3FA00613E4C /* main.m */; };
		04F28EB719EFB3FA00613E4C /* AppDelegate.m in Sources */ = {isa = PBXBuildFile; fileRef = 04F28EB619EFB3FA00613E4C /* AppDelegate.m */; };
		04F28EBA19EFB3FA00613E4C /* NewUPNP.xcdatamodeld in Sources */ = {isa = PBXBuildFile; fileRef = 04F28EB819EFB3FA00613E4C /* NewUPNP.xcdatamodeld */; };
		04F28EBD19EFB3FA00613E4C /* ViewController.m in Sources */ = {isa = PBXBuildFile; fileRef = 04F28EBC19EFB3FA00613E4C /* ViewController.m */; };
		04F28EC019EFB3FA00613E4C /* Main.storyboard in Resources */ = {isa = PBXBuildFile; fileRef = 04F28EBE19EFB3FA00613E4C /* Main.storyboard */; };
		04F28EC219EFB3FA00613E4C /* Images.xcassets in Resources */ = {isa = PBXBuildFile; fileRef = 04F28EC119EFB3FA00613E4C /* Images.xcassets */; };
		04F28EC519EFB3FA00613E4C /* LaunchScreen.xib in Resources */ = {isa = PBXBuildFile; fileRef = 04F28EC319EFB3FA00613E4C /* LaunchScreen.xib */; };
		04F28ED119EFB3FB00613E4C /* NewUPNPTests.m in Sources */ = {isa = PBXBuildFile; fileRef = 04F28ED019EFB3FB00613E4C /* NewUPNPTests.m */; };
/* End PBXBuildFile section */

/* Begin PBXContainerItemProxy section */
		04F28ECB19EFB3FB00613E4C /* PBXContainerItemProxy */ = {
			isa = PBXContainerItemProxy;
			containerPortal = 04F28EA619EFB3FA00613E4C /* Project object */;
			proxyType = 1;
			remoteGlobalIDString = 04F28EAD19EFB3FA00613E4C;
			remoteInfo = NewUPNP;
		};
/* End PBXContainerItemProxy section */

/* Begin PBXFileReference section */
		04F28EAE19EFB3FA00613E4C /* NewUPNP.app */ = {isa = PBXFileReference; explicitFileType = wrapper.application; includeInIndex = 0; path = NewUPNP.app; sourceTree = BUILT_PRODUCTS_DIR; };
		04F28EB219EFB3FA00613E4C /* Info.plist */ = {isa = PBXFileReference; lastKnownFileType = text.plist.xml; path = Info.plist; sourceTree = "<group>"; };
		04F28EB319EFB3FA00613E4C /* main.m */ = {isa = PBXFileReference; lastKnownFileType = sourcecode.c.objc; path = main.m; sourceTree = "<group>"; };
		04F28EB519EFB3FA00613E4C /* AppDelegate.h */ = {isa = PBXFileReference; lastKnownFileType = sourcecode.c.h; path = AppDelegate.h; sourceTree = "<group>"; };
		04F28EB619EFB3FA00613E4C /* AppDelegate.m */ = {isa = PBXFileReference; lastKnownFileType = sourcecode.c.objc; path = AppDelegate.m; sourceTree = "<group>"; };
		04F28EB919EFB3FA00613E4C /* NewUPNP.xcdatamodel */ = {isa = PBXFileReference; lastKnownFileType = wrapper.xcdatamodel; path = NewUPNP.xcdatamodel; sourceTree = "<group>"; };
		04F28EBB19EFB3FA00613E4C /* ViewController.h */ = {isa = PBXFileReference; lastKnownFileType = sourcecode.c.h; path = ViewController.h; sourceTree = "<group>"; };
		04F28EBC19EFB3FA00613E4C /* ViewController.m */ = {isa = PBXFileReference; lastKnownFileType = sourcecode.c.objc; path = ViewController.m; sourceTree = "<group>"; };
		04F28EBF19EFB3FA00613E4C /* Base */ = {isa = PBXFileReference; lastKnownFileType = file.storyboard; name = Base; path = Base.lproj/Main.storyboard; sourceTree = "<group>"; };
		04F28EC119EFB3FA00613E4C /* Images.xcassets */ = {isa = PBXFileReference; lastKnownFileType = folder.assetcatalog; path = Images.xcassets; sourceTree = "<group>"; };
		04F28EC419EFB3FA00613E4C /* Base */ = {isa = PBXFileReference; lastKnownFileType = file.xib; name = Base; path = Base.lproj/LaunchScreen.xib; sourceTree = "<group>"; };
		04F28ECA19EFB3FB00613E4C /* NewUPNPTests.xctest */ = {isa = PBXFileReference; explicitFileType = wrapper.cfbundle; includeInIndex = 0; path = NewUPNPTests.xctest; sourceTree = BUILT_PRODUCTS_DIR; };
		04F28ECF19EFB3FB00613E4C /* Info.plist */ = {isa = PBXFileReference; lastKnownFileType = text.plist.xml; path = Info.plist; sourceTree = "<group>"; };
		04F28ED019EFB3FB00613E4C /* NewUPNPTests.m */ = {isa = PBXFileReference; lastKnownFileType = sourcecode.c.objc; path = NewUPNPTests.m; sourceTree = "<group>"; };
/* End PBXFileReference section */

/* Begin PBXFrameworksBuildPhase section */
		04F28EAB19EFB3FA00613E4C /* Frameworks */ = {
			isa = PBXFrameworksBuildPhase;
			buildActionMask = 2147483647;
			files = (
			);
			runOnlyForDeploymentPostprocessing = 0;
		};
		04F28EC719EFB3FB00613E4C /* Frameworks */ = {
			isa = PBXFrameworksBuildPhase;
			buildActionMask = 2147483647;
			files = (
			);
			runOnlyForDeploymentPostprocessing = 0;
		};
/* End PBXFrameworksBuildPhase section */

/* Begin PBXGroup section */
		04F28EA519EFB3FA00613E4C = {
			isa = PBXGroup;
			children = (
				04F28EB019EFB3FA00613E4C /* NewUPNP */,
				04F28ECD19EFB3FB00613E4C /* NewUPNPTests */,
				04F28EAF19EFB3FA00613E4C /* Products */,
			);
			sourceTree = "<group>";
		};
		04F28EAF19EFB3FA00613E4C /* Products */ = {
			isa = PBXGroup;
			children = (
				04F28EAE19EFB3FA00613E4C /* NewUPNP.app */,
				04F28ECA19EFB3FB00613E4C /* NewUPNPTests.xctest */,
			);
			name = Products;
			sourceTree = "<group>";
		};
		04F28EB019EFB3FA00613E4C /* NewUPNP */ = {
			isa = PBXGroup;
			children = (
				04F28EB519EFB3FA00613E4C /* AppDelegate.h */,
				04F28EB619EFB3FA00613E4C /* AppDelegate.m */,
				04F28EBB19EFB3FA00613E4C /* ViewController.h */,
				04F28EBC19EFB3FA00613E4C /* ViewController.m */,
				04F28EBE19EFB3FA00613E4C /* Main.storyboard */,
				04F28EC119EFB3FA00613E4C /* Images.xcassets */,
				04F28EC319EFB3FA00613E4C /* LaunchScreen.xib */,
				04F28EB819EFB3FA00613E4C /* NewUPNP.xcdatamodeld */,
				04F28EB119EFB3FA00613E4C /* Supporting Files */,
			);
			path = NewUPNP;
			sourceTree = "<group>";
		};
		04F28EB119EFB3FA00613E4C /* Supporting Files */ = {
			isa = PBXGroup;
			children = (
				04F28EB219EFB3FA00613E4C /* Info.plist */,
				04F28EB319EFB3FA00613E4C /* main.m */,
			);
			name = "Supporting Files";
			sourceTree = "<group>";
		};
		04F28ECD19EFB3FB00613E4C /* NewUPNPTests */ = {
			isa = PBXGroup;
			children = (
				04F28ED019EFB3FB00613E4C /* NewUPNPTests.m */,
				04F28ECE19EFB3FB00613E4C /* Supporting Files */,
			);
			path = NewUPNPTests;
			sourceTree = "<group>";
		};
		04F28ECE19EFB3FB00613E4C /* Supporting Files */ = {
			isa = PBXGroup;
			children = (
				04F28ECF19EFB3FB00613E4C /* Info.plist */,
			);
			name = "Supporting Files";
			sourceTree = "<group>";
		};
/* End PBXGroup section */

/* Begin PBXNativeTarget section */
		04F28EAD19EFB3FA00613E4C /* NewUPNP */ = {
			isa = PBXNativeTarget;
			buildConfigurationList = 04F28ED419EFB3FB00613E4C /* Build configuration list for PBXNativeTarget "NewUPNP" */;
			buildPhases = (
				04F28EAA19EFB3FA00613E4C /* Sources */,
				04F28EAB19EFB3FA00613E4C /* Frameworks */,
				04F28EAC19EFB3FA00613E4C /* Resources */,
			);
			buildRules = (
			);
			dependencies = (
			);
			name = NewUPNP;
			productName = NewUPNP;
			productReference = 04F28EAE19EFB3FA00613E4C /* NewUPNP.app */;
			productType = "com.apple.product-type.application";
		};
		04F28EC919EFB3FB00613E4C /* NewUPNPTests */ = {
			isa = PBXNativeTarget;
			buildConfigurationList = 04F28ED719EFB3FB00613E4C /* Build configuration list for PBXNativeTarget "NewUPNPTests" */;
			buildPhases = (
				04F28EC619EFB3FB00613E4C /* Sources */,
				04F28EC719EFB3FB00613E4C /* Frameworks */,
				04F28EC819EFB3FB00613E4C /* Resources */,
			);
			buildRules = (
			);
			dependencies = (
				04F28ECC19EFB3FB00613E4C /* PBXTargetDependency */,
			);
			name = NewUPNPTests;
			productName = NewUPNPTests;
			productReference = 04F28ECA19EFB3FB00613E4C /* NewUPNPTests.xctest */;
			productType = "com.apple.product-type.bundle.unit-test";
		};
/* End PBXNativeTarget section */

/* Begin PBXProject section */
		04F28EA619EFB3FA00613E4C /* Project object */ = {
			isa = PBXProject;
			attributes = {
				LastUpgradeCheck = 0600;
				ORGANIZATIONNAME = deng.com;
				TargetAttributes = {
					04F28EAD19EFB3FA00613E4C = {
						CreatedOnToolsVersion = 6.0.1;
					};
					04F28EC919EFB3FB00613E4C = {
						CreatedOnToolsVersion = 6.0.1;
						TestTargetID = 04F28EAD19EFB3FA00613E4C;
					};
				};
			};
			buildConfigurationList = 04F28EA919EFB3FA00613E4C /* Build configuration list for PBXProject "NewUPNP" */;
			compatibilityVersion = "Xcode 3.2";
			developmentRegion = English;
			hasScannedForEncodings = 0;
			knownRegions = (
				en,
				Base,
			);
			mainGroup = 04F28EA519EFB3FA00613E4C;
			productRefGroup = 04F28EAF19EFB3FA00613E4C /* Products */;
			projectDirPath = "";
			projectRoot = "";
			targets = (
				04F28EAD19EFB3FA00613E4C /* NewUPNP */,
				04F28EC919EFB3FB00613E4C /* NewUPNPTests */,
			);
		};
/* End PBXProject section */

/* Begin PBXResourcesBuildPhase section */
		04F28EAC19EFB3FA00613E4C /* Resources */ = {
			isa = PBXResourcesBuildPhase;
			buildActionMask = 2147483647;
			files = (
				04F28EC019EFB3FA00613E4C /* Main.storyboard in Resources */,
				04F28EC519EFB3FA00613E4C /* LaunchScreen.xib in Resources */,
				04F28EC219EFB3FA00613E4C /* Images.xcassets in Resources */,
			);
			runOnlyForDeploymentPostprocessing = 0;
		};
		04F28EC819EFB3FB00613E4C /* Resources */ = {
			isa = PBXResourcesBuildPhase;
			buildActionMask = 2147483647;
			files = (
			);
			runOnlyForDeploymentPostprocessing = 0;
		};
/* End PBXResourcesBuildPhase section */

/* Begin PBXSourcesBuildPhase section */
		04F28EAA19EFB3FA00613E4C /* Sources */ = {
			isa = PBXSourcesBuildPhase;
			buildActionMask = 2147483647;
			files = (
				04F28EBA19EFB3FA00613E4C /* NewUPNP.xcdatamodeld in Sources */,
				04F28EB719EFB3FA00613E4C /* AppDelegate.m in Sources */,
				04F28EBD19EFB3FA00613E4C /* ViewController.m in Sources */,
				04F28EB419EFB3FA00613E4C /* main.m in Sources */,
			);
			runOnlyForDeploymentPostprocessing = 0;
		};
		04F28EC619EFB3FB00613E4C /* Sources */ = {
			isa = PBXSourcesBuildPhase;
			buildActionMask = 2147483647;
			files = (
				04F28ED119EFB3FB00613E4C /* NewUPNPTests.m in Sources */,
			);
			runOnlyForDeploymentPostprocessing = 0;
		};
/* End PBXSourcesBuildPhase section */

/* Begin PBXTargetDependency section */
		04F28ECC19EFB3FB00613E4C /* PBXTargetDependency */ = {
			isa = PBXTargetDependency;
			target = 04F28EAD19EFB3FA00613E4C /* NewUPNP */;
			targetProxy = 04F28ECB19EFB3FB00613E4C /* PBXContainerItemProxy */;
		};
/* End PBXTargetDependency section */

/* Begin PBXVariantGroup section */
		04F28EBE19EFB3FA00613E4C /* Main.storyboard */ = {
			isa = PBXVariantGroup;
			children = (
				04F28EBF19EFB3FA00613E4C /* Base */,
			);
			name = Main.storyboard;
			sourceTree = "<group>";
		};
		04F28EC319EFB3FA00613E4C /* LaunchScreen.xib */ = {
			isa = PBXVariantGroup;
			children = (
				04F28EC419EFB3FA00613E4C /* Base */,
			);
			name = LaunchScreen.xib;
			sourceTree = "<group>";
		};
/* End PBXVariantGroup section */

/* Begin XCBuildConfiguration section */
		04F28ED219EFB3FB00613E4C /* Debug */ = {
			isa = XCBuildConfiguration;
			buildSettings = {
				ALWAYS_SEARCH_USER_PATHS = NO;
				CLANG_CXX_LANGUAGE_STANDARD = "gnu++0x";
				CLANG_CXX_LIBRARY = "libc++";
				CLANG_ENABLE_MODULES = YES;
				CLANG_ENABLE_OBJC_ARC = YES;
				CLANG_WARN_BOOL_CONVERSION = YES;
				CLANG_WARN_CONSTANT_CONVERSION = YES;
				CLANG_WARN_DIRECT_OBJC_ISA_USAGE = YES_ERROR;
				CLANG_WARN_EMPTY_BODY = YES;
				CLANG_WARN_ENUM_CONVERSION = YES;
				CLANG_WARN_INT_CONVERSION = YES;
				CLANG_WARN_OBJC_ROOT_CLASS = YES_ERROR;
				CLANG_WARN_UNREACHABLE_CODE = YES;
				CLANG_WARN__DUPLICATE_METHOD_MATCH = YES;
				"CODE_SIGN_IDENTITY[sdk=iphoneos*]" = "iPhone Developer";
				COPY_PHASE_STRIP = NO;
				ENABLE_STRICT_OBJC_MSGSEND = YES;
				GCC_C_LANGUAGE_STANDARD = gnu99;
				GCC_DYNAMIC_NO_PIC = NO;
				GCC_OPTIMIZATION_LEVEL = 0;
				GCC_PREPROCESSOR_DEFINITIONS = (
					"DEBUG=1",
					"$(inherited)",
				);
				GCC_SYMBOLS_PRIVATE_EXTERN = NO;
				GCC_WARN_64_TO_32_BIT_CONVERSION = YES;
				GCC_WARN_ABOUT_RETURN_TYPE = YES_ERROR;
				GCC_WARN_UNDECLARED_SELECTOR = YES;
				GCC_WARN_UNINITIALIZED_AUTOS = YES_AGGRESSIVE;
				GCC_WARN_UNUSED_FUNCTION = YES;
				GCC_WARN_UNUSED_VARIABLE = YES;
				IPHONEOS_DEPLOYMENT_TARGET = 8.0;
				MTL_ENABLE_DEBUG_INFO = YES;
				ONLY_ACTIVE_ARCH = YES;
				SDKROOT = iphoneos;
			};
			name = Debug;
		};
		04F28ED319EFB3FB00613E4C /* Release */ = {
			isa = XCBuildConfiguration;
			buildSettings = {
				ALWAYS_SEARCH_USER_PATHS = NO;
				CLANG_CXX_LANGUAGE_STANDARD = "gnu++0x";
				CLANG_CXX_LIBRARY = "libc++";
				CLANG_ENABLE_MODULES = YES;
				CLANG_ENABLE_OBJC_ARC = YES;
				CLANG_WARN_BOOL_CONVERSION = YES;
				CLANG_WARN_CONSTANT_CONVERSION = YES;
				CLANG_WARN_DIRECT_OBJC_ISA_USAGE = YES_ERROR;
				CLANG_WARN_EMPTY_BODY = YES;
				CLANG_WARN_ENUM_CONVERSION = YES;
				CLANG_WARN_INT_CONVERSION = YES;
				CLANG_WARN_OBJC_ROOT_CLASS = YES_ERROR;
				CLANG_WARN_UNREACHABLE_CODE = YES;
				CLANG_WARN__DUPLICATE_METHOD_MATCH = YES;
				"CODE_SIGN_IDENTITY[sdk=iphoneos*]" = "iPhone Developer";
				COPY_PHASE_STRIP = YES;
				ENABLE_NS_ASSERTIONS = NO;
				ENABLE_STRICT_OBJC_MSGSEND = YES;
				GCC_C_LANGUAGE_STANDARD = gnu99;
				GCC_WARN_64_TO_32_BIT_CONVERSION = YES;
				GCC_WARN_ABOUT_RETURN_TYPE = YES_ERROR;
				GCC_WARN_UNDECLARED_SELECTOR = YES;
				GCC_WARN_UNINITIALIZED_AUTOS = YES_AGGRESSIVE;
				GCC_WARN_UNUSED_FUNCTION = YES;
				GCC_WARN_UNUSED_VARIABLE = YES;
				IPHONEOS_DEPLOYMENT_TARGET = 8.0;
				MTL_ENABLE_DEBUG_INFO = NO;
				SDKROOT = iphoneos;
				VALIDATE_PRODUCT = YES;
			};
			name = Release;
		};
		04F28ED519EFB3FB00613E4C /* Debug */ = {
			isa = XCBuildConfiguration;
			buildSettings = {
				ASSETCATALOG_COMPILER_APPICON_NAME = AppIcon;
				INFOPLIST_FILE = NewUPNP/Info.plist;
				LD_RUNPATH_SEARCH_PATHS = "$(inherited) @executable_path/Frameworks";
				PRODUCT_NAME = "$(TARGET_NAME)";
			};
			name = Debug;
		};
		04F28ED619EFB3FB00613E4C /* Release */ = {
			isa = XCBuildConfiguration;
			buildSettings = {
				ASSETCATALOG_COMPILER_APPICON_NAME = AppIcon;
				INFOPLIST_FILE = NewUPNP/Info.plist;
				LD_RUNPATH_SEARCH_PATHS = "$(inherited) @executable_path/Frameworks";
				PRODUCT_NAME = "$(TARGET_NAME)";
			};
			name = Release;
		};
		04F28ED819EFB3FB00613E4C /* Debug */ = {
			isa = XCBuildConfiguration;
			buildSettings = {
				BUNDLE_LOADER = "$(TEST_HOST)";
				FRAMEWORK_SEARCH_PATHS = (
					"$(SDKROOT)/Developer/Library/Frameworks",
					"$(inherited)",
				);
				GCC_PREPROCESSOR_DEFINITIONS = (
					"DEBUG=1",
					"$(inherited)",
				);
				INFOPLIST_FILE = NewUPNPTests/Info.plist;
				LD_RUNPATH_SEARCH_PATHS = "$(inherited) @executable_path/Frameworks @loader_path/Frameworks";
				PRODUCT_NAME = "$(TARGET_NAME)";
				TEST_HOST = "$(BUILT_PRODUCTS_DIR)/NewUPNP.app/NewUPNP";
			};
			name = Debug;
		};
		04F28ED919EFB3FB00613E4C /* Release */ = {
			isa = XCBuildConfiguration;
			buildSettings = {
				BUNDLE_LOADER = "$(TEST_HOST)";
				FRAMEWORK_SEARCH_PATHS = (
					"$(SDKROOT)/Developer/Library/Frameworks",
					"$(inherited)",
				);
				INFOPLIST_FILE = NewUPNPTests/Info.plist;
				LD_RUNPATH_SEARCH_PATHS = "$(inherited) @executable_path/Frameworks @loader_path/Frameworks";
				PRODUCT_NAME = "$(TARGET_NAME)";
				TEST_HOST = "$(BUILT_PRODUCTS_DIR)/NewUPNP.app/NewUPNP";
			};
			name = Release;
		};
/* End XCBuildConfiguration section */

/* Begin XCConfigurationList section */
		04F28EA919EFB3FA00613E4C /* Build configuration list for PBXProject "NewUPNP" */ = {
			isa = XCConfigurationList;
			buildConfigurations = (
				04F28ED219EFB3FB00613E4C /* Debug */,
				04F28ED319EFB3FB00613E4C /* Release */,
			);
			defaultConfigurationIsVisible = 0;
			defaultConfigurationName = Release;
		};
		04F28ED419EFB3FB00613E4C /* Build configuration list for PBXNativeTarget "NewUPNP" */ = {
			isa = XCConfigurationList;
			buildConfigurations = (
				04F28ED519EFB3FB00613E4C /* Debug */,
				04F28ED619EFB3FB00613E4C /* Release */,
			);
			defaultConfigurationIsVisible = 0;
		};
		04F28ED719EFB3FB00613E4C /* Build configuration list for PBXNativeTarget "NewUPNPTests" */ = {
			isa = XCConfigurationList;
			buildConfigurations = (
				04F28ED819EFB3FB00613E4C /* Debug */,
				04F28ED919EFB3FB00613E4C /* Release */,
			);
			defaultConfigurationIsVisible = 0;
		};
/* End XCConfigurationList section */

/* Begin XCVersionGroup section */
		04F28EB819EFB3FA00613E4C /* NewUPNP.xcdatamodeld */ = {
			isa = XCVersionGroup;
			children = (
				04F28EB919EFB3FA00613E4C /* NewUPNP.xcdatamodel */,
			);
			currentVersion = 04F28EB919EFB3FA00613E4C /* NewUPNP.xcdatamodel */;
			path = NewUPNP.xcdatamodeld;
			sourceTree = "<group>";
			versionGroupType = wrapper.xcdatamodel;
		};
/* End XCVersionGroup section */
	};
	rootObject = 04F28EA619EFB3FA00613E4C /* Project object */;
}
