// !$*UTF8*$!
{
	archiveVersion = 1;
	classes = {
	};
	objectVersion = 46;
	objects = {

/* Begin PBXBuildFile section */
		04F28EB419EFB3FA00613E4C /* main.m in Sources */ = {isa = PBXBuildFile; fileRef = 04F28EB319EFB3FA00613E4C /* main.m */; };
		04F28EB719EFB3FA00613E4C /* AppDelegate.m in Sources */ = {isa = PBXBuildFile; fileRef = 04F28EB619EFB3FA00613E4C /* AppDelegate.m */; };
		04F28EBA19EFB3FA00613E4C /* NewUPNP.xcdatamodeld in Sources */ = {isa = PBXBuildFile; fileRef = 04F28EB819EFB3FA00613E4C /* NewUPNP.xcdatamodeld */; };
		04F28EC219EFB3FA00613E4C /* Images.xcassets in Resources */ = {isa = PBXBuildFile; fileRef = 04F28EC119EFB3FA00613E4C /* Images.xcassets */; };
		04F28ED119EFB3FB00613E4C /* NewUPNPTests.m in Sources */ = {isa = PBXBuildFile; fileRef = 04F28ED019EFB3FB00613E4C /* NewUPNPTests.m */; };
		04F28F0F19EFB4FE00613E4C /* LocalIpodAudio.m in Sources */ = {isa = PBXBuildFile; fileRef = 04F28EDB19EFB4FE00613E4C /* LocalIpodAudio.m */; };
		04F28F1019EFB4FE00613E4C /* LocalPlay.m in Sources */ = {isa = PBXBuildFile; fileRef = 04F28EDD19EFB4FE00613E4C /* LocalPlay.m */; };
		04F28F1219EFB4FE00613E4C /* PlayAudio.m in Sources */ = {isa = PBXBuildFile; fileRef = 04F28EE019EFB4FE00613E4C /* PlayAudio.m */; };
		04F28F1319EFB4FE00613E4C /* PlayList.m in Sources */ = {isa = PBXBuildFile; fileRef = 04F28EE219EFB4FE00613E4C /* PlayList.m */; };
		04F28F1419EFB4FE00613E4C /* PositionInfo.m in Sources */ = {isa = PBXBuildFile; fileRef = 04F28EE419EFB4FE00613E4C /* PositionInfo.m */; };
		04F28F1519EFB4FE00613E4C /* RemotePlay.m in Sources */ = {isa = PBXBuildFile; fileRef = 04F28EE619EFB4FE00613E4C /* RemotePlay.m */; };
		04F28F1619EFB4FE00613E4C /* RemoteServer.m in Sources */ = {isa = PBXBuildFile; fileRef = 04F28EE819EFB4FE00613E4C /* RemoteServer.m */; };
		04F28F1719EFB4FE00613E4C /* RenderingControl.m in Sources */ = {isa = PBXBuildFile; fileRef = 04F28EEA19EFB4FE00613E4C /* RenderingControl.m */; };
		04F28F1819EFB4FE00613E4C /* ServiceContent.m in Sources */ = {isa = PBXBuildFile; fileRef = 04F28EEC19EFB4FE00613E4C /* ServiceContent.m */; };
		04F28F1919EFB4FE00613E4C /* SOAlbum.m in Sources */ = {isa = PBXBuildFile; fileRef = 04F28EEE19EFB4FE00613E4C /* SOAlbum.m */; };
		04F28F1A19EFB4FE00613E4C /* SOArtist.m in Sources */ = {isa = PBXBuildFile; fileRef = 04F28EF019EFB4FE00613E4C /* SOArtist.m */; };
		04F28F1B19EFB4FE00613E4C /* SOAudio.m in Sources */ = {isa = PBXBuildFile; fileRef = 04F28EF219EFB4FE00613E4C /* SOAudio.m */; };
		04F28F1C19EFB4FE00613E4C /* SOAudioPlayer.m in Sources */ = {isa = PBXBuildFile; fileRef = 04F28EF419EFB4FE00613E4C /* SOAudioPlayer.m */; };
		04F28F1D19EFB4FE00613E4C /* SOAVPlayer.m in Sources */ = {isa = PBXBuildFile; fileRef = 04F28EF619EFB4FE00613E4C /* SOAVPlayer.m */; };
		04F28F1E19EFB4FE00613E4C /* SOKVMode.m in Sources */ = {isa = PBXBuildFile; fileRef = 04F28EF919EFB4FE00613E4C /* SOKVMode.m */; };
		04F28F1F19EFB4FE00613E4C /* SOVMediaPlayer.m in Sources */ = {isa = PBXBuildFile; fileRef = 04F28EFB19EFB4FE00613E4C /* SOVMediaPlayer.m */; };
		04F28F2019EFB4FE00613E4C /* DeviceRender.m in Sources */ = {isa = PBXBuildFile; fileRef = 04F28EFE19EFB4FE00613E4C /* DeviceRender.m */; };
		04F28F2119EFB4FE00613E4C /* DeviceService.m in Sources */ = {isa = PBXBuildFile; fileRef = 04F28F0019EFB4FE00613E4C /* DeviceService.m */; };
		04F28F2219EFB4FE00613E4C /* SSDP.m in Sources */ = {isa = PBXBuildFile; fileRef = 04F28F0219EFB4FE00613E4C /* SSDP.m */; };
		04F28F2319EFB4FE00613E4C /* SSDPDeviceSearch.m in Sources */ = {isa = PBXBuildFile; fileRef = 04F28F0419EFB4FE00613E4C /* SSDPDeviceSearch.m */; };
		04F28F2419EFB4FE00613E4C /* XMLDictionary.m in Sources */ = {isa = PBXBuildFile; fileRef = 04F28F0619EFB4FE00613E4C /* XMLDictionary.m */; };
		04F28F2519EFB4FE00613E4C /* upnpAction.m in Sources */ = {isa = PBXBuildFile; fileRef = 04F28F0819EFB4FE00613E4C /* upnpAction.m */; };
		04F28F2619EFB4FE00613E4C /* upnpDeviceManager.m in Sources */ = {isa = PBXBuildFile; fileRef = 04F28F0A19EFB4FE00613E4C /* upnpDeviceManager.m */; };
		04F28F2719EFB4FE00613E4C /* UpnpHelper.m in Sources */ = {isa = PBXBuildFile; fileRef = 04F28F0C19EFB4FE00613E4C /* UpnpHelper.m */; };
		04F28F2819EFB4FE00613E4C /* upnpServiceInfo.m in Sources */ = {isa = PBXBuildFile; fileRef = 04F28F0E19EFB4FE00613E4C /* upnpServiceInfo.m */; };
		04F28F2F19EFB53600613E4C /* libffmpeg.a in Frameworks */ = {isa = PBXBuildFile; fileRef = 04F28F2E19EFB53600613E4C /* libffmpeg.a */; };
		04F28F3519EFB54C00613E4C /* AVTansport.m in Sources */ = {isa = PBXBuildFile; fileRef = 04F28F3119EFB54C00613E4C /* AVTansport.m */; };
		04F28F3619EFB54C00613E4C /* CommonHelperManager.m in Sources */ = {isa = PBXBuildFile; fileRef = 04F28F3319EFB54C00613E4C /* CommonHelperManager.m */; };
		04F28F3919EFB56C00613E4C /* RootViewController.m in Sources */ = {isa = PBXBuildFile; fileRef = 04F28F3819EFB56C00613E4C /* RootViewController.m */; };
/* End PBXBuildFile section */

/* Begin PBXContainerItemProxy section */
		04F28ECB19EFB3FB00613E4C /* PBXContainerItemProxy */ = {
			isa = PBXContainerItemProxy;
			containerPortal = 04F28EA619EFB3FA00613E4C /* Project object */;
			proxyType = 1;
			remoteGlobalIDString = 04F28EAD19EFB3FA00613E4C;
			remoteInfo = NewUPNP;
		};
/* End PBXContainerItemProxy section */

/* Begin PBXFileReference section */
		04F28EAE19EFB3FA00613E4C /* NewUPNP.app */ = {isa = PBXFileReference; explicitFileType = wrapper.application; includeInIndex = 0; path = NewUPNP.app; sourceTree = BUILT_PRODUCTS_DIR; };
		04F28EB219EFB3FA00613E4C /* Info.plist */ = {isa = PBXFileReference; lastKnownFileType = text.plist.xml; path = Info.plist; sourceTree = "<group>"; };
		04F28EB319EFB3FA00613E4C /* main.m */ = {isa = PBXFileReference; lastKnownFileType = sourcecode.c.objc; path = main.m; sourceTree = "<group>"; };
		04F28EB519EFB3FA00613E4C /* AppDelegate.h */ = {isa = PBXFileReference; lastKnownFileType = sourcecode.c.h; path = AppDelegate.h; sourceTree = "<group>"; };
		04F28EB619EFB3FA00613E4C /* AppDelegate.m */ = {isa = PBXFileReference; lastKnownFileType = sourcecode.c.objc; path = AppDelegate.m; sourceTree = "<group>"; };
		04F28EB919EFB3FA00613E4C /* NewUPNP.xcdatamodel */ = {isa = PBXFileReference; lastKnownFileType = wrapper.xcdatamodel; path = NewUPNP.xcdatamodel; sourceTree = "<group>"; };
		04F28EC119EFB3FA00613E4C /* Images.xcassets */ = {isa = PBXFileReference; lastKnownFileType = folder.assetcatalog; path = Images.xcassets; sourceTree = "<group>"; };
		04F28ECA19EFB3FB00613E4C /* NewUPNPTests.xctest */ = {isa = PBXFileReference; explicitFileType = wrapper.cfbundle; includeInIndex = 0; path = NewUPNPTests.xctest; sourceTree = BUILT_PRODUCTS_DIR; };
		04F28ECF19EFB3FB00613E4C /* Info.plist */ = {isa = PBXFileReference; lastKnownFileType = text.plist.xml; path = Info.plist; sourceTree = "<group>"; };
		04F28ED019EFB3FB00613E4C /* NewUPNPTests.m */ = {isa = PBXFileReference; lastKnownFileType = sourcecode.c.objc; path = NewUPNPTests.m; sourceTree = "<group>"; };
		04F28EDB19EFB4FE00613E4C /* LocalIpodAudio.m */ = {isa = PBXFileReference; fileEncoding = 4; lastKnownFileType = sourcecode.c.objc; path = LocalIpodAudio.m; sourceTree = "<group>"; };
		04F28EDC19EFB4FE00613E4C /* LocalPlay.h */ = {isa = PBXFileReference; fileEncoding = 4; lastKnownFileType = sourcecode.c.h; path = LocalPlay.h; sourceTree = "<group>"; };
		04F28EDD19EFB4FE00613E4C /* LocalPlay.m */ = {isa = PBXFileReference; fileEncoding = 4; lastKnownFileType = sourcecode.c.objc; path = LocalPlay.m; sourceTree = "<group>"; };
		04F28EDF19EFB4FE00613E4C /* PlayAudio.h */ = {isa = PBXFileReference; fileEncoding = 4; lastKnownFileType = sourcecode.c.h; path = PlayAudio.h; sourceTree = "<group>"; };
		04F28EE019EFB4FE00613E4C /* PlayAudio.m */ = {isa = PBXFileReference; fileEncoding = 4; lastKnownFileType = sourcecode.c.objc; path = PlayAudio.m; sourceTree = "<group>"; };
		04F28EE119EFB4FE00613E4C /* PlayList.h */ = {isa = PBXFileReference; fileEncoding = 4; lastKnownFileType = sourcecode.c.h; path = PlayList.h; sourceTree = "<group>"; };
		04F28EE219EFB4FE00613E4C /* PlayList.m */ = {isa = PBXFileReference; fileEncoding = 4; lastKnownFileType = sourcecode.c.objc; path = PlayList.m; sourceTree = "<group>"; };
		04F28EE319EFB4FE00613E4C /* PositionInfo.h */ = {isa = PBXFileReference; fileEncoding = 4; lastKnownFileType = sourcecode.c.h; path = PositionInfo.h; sourceTree = "<group>"; };
		04F28EE419EFB4FE00613E4C /* PositionInfo.m */ = {isa = PBXFileReference; fileEncoding = 4; lastKnownFileType = sourcecode.c.objc; path = PositionInfo.m; sourceTree = "<group>"; };
		04F28EE519EFB4FE00613E4C /* RemotePlay.h */ = {isa = PBXFileReference; fileEncoding = 4; lastKnownFileType = sourcecode.c.h; path = RemotePlay.h; sourceTree = "<group>"; };
		04F28EE619EFB4FE00613E4C /* RemotePlay.m */ = {isa = PBXFileReference; fileEncoding = 4; lastKnownFileType = sourcecode.c.objc; path = RemotePlay.m; sourceTree = "<group>"; };
		04F28EE719EFB4FE00613E4C /* RemoteServer.h */ = {isa = PBXFileReference; fileEncoding = 4; lastKnownFileType = sourcecode.c.h; path = RemoteServer.h; sourceTree = "<group>"; };
		04F28EE819EFB4FE00613E4C /* RemoteServer.m */ = {isa = PBXFileReference; fileEncoding = 4; lastKnownFileType = sourcecode.c.objc; path = RemoteServer.m; sourceTree = "<group>"; };
		04F28EE919EFB4FE00613E4C /* RenderingControl.h */ = {isa = PBXFileReference; fileEncoding = 4; lastKnownFileType = sourcecode.c.h; path = RenderingControl.h; sourceTree = "<group>"; };
		04F28EEA19EFB4FE00613E4C /* RenderingControl.m */ = {isa = PBXFileReference; fileEncoding = 4; lastKnownFileType = sourcecode.c.objc; path = RenderingControl.m; sourceTree = "<group>"; };
		04F28EEB19EFB4FE00613E4C /* ServiceContent.h */ = {isa = PBXFileReference; fileEncoding = 4; lastKnownFileType = sourcecode.c.h; path = ServiceContent.h; sourceTree = "<group>"; };
		04F28EEC19EFB4FE00613E4C /* ServiceContent.m */ = {isa = PBXFileReference; fileEncoding = 4; lastKnownFileType = sourcecode.c.objc; path = ServiceContent.m; sourceTree = "<group>"; };
		04F28EED19EFB4FE00613E4C /* SOAlbum.h */ = {isa = PBXFileReference; fileEncoding = 4; lastKnownFileType = sourcecode.c.h; path = SOAlbum.h; sourceTree = "<group>"; };
		04F28EEE19EFB4FE00613E4C /* SOAlbum.m */ = {isa = PBXFileReference; fileEncoding = 4; lastKnownFileType = sourcecode.c.objc; path = SOAlbum.m; sourceTree = "<group>"; };
		04F28EEF19EFB4FE00613E4C /* SOArtist.h */ = {isa = PBXFileReference; fileEncoding = 4; lastKnownFileType = sourcecode.c.h; path = SOArtist.h; sourceTree = "<group>"; };
		04F28EF019EFB4FE00613E4C /* SOArtist.m */ = {isa = PBXFileReference; fileEncoding = 4; lastKnownFileType = sourcecode.c.objc; path = SOArtist.m; sourceTree = "<group>"; };
		04F28EF119EFB4FE00613E4C /* SOAudio.h */ = {isa = PBXFileReference; fileEncoding = 4; lastKnownFileType = sourcecode.c.h; path = SOAudio.h; sourceTree = "<group>"; };
		04F28EF219EFB4FE00613E4C /* SOAudio.m */ = {isa = PBXFileReference; fileEncoding = 4; lastKnownFileType = sourcecode.c.objc; path = SOAudio.m; sourceTree = "<group>"; };
		04F28EF319EFB4FE00613E4C /* SOAudioPlayer.h */ = {isa = PBXFileReference; fileEncoding = 4; lastKnownFileType = sourcecode.c.h; path = SOAudioPlayer.h; sourceTree = "<group>"; };
		04F28EF419EFB4FE00613E4C /* SOAudioPlayer.m */ = {isa = PBXFileReference; fileEncoding = 4; lastKnownFileType = sourcecode.c.objc; path = SOAudioPlayer.m; sourceTree = "<group>"; };
		04F28EF519EFB4FE00613E4C /* SOAVPlayer.h */ = {isa = PBXFileReference; fileEncoding = 4; lastKnownFileType = sourcecode.c.h; path = SOAVPlayer.h; sourceTree = "<group>"; };
		04F28EF619EFB4FE00613E4C /* SOAVPlayer.m */ = {isa = PBXFileReference; fileEncoding = 4; lastKnownFileType = sourcecode.c.objc; path = SOAVPlayer.m; sourceTree = "<group>"; };
		04F28EF719EFB4FE00613E4C /* SODefine.h */ = {isa = PBXFileReference; fileEncoding = 4; lastKnownFileType = sourcecode.c.h; name = SODefine.h; path = ../SODefine.h; sourceTree = "<group>"; };
		04F28EF819EFB4FE00613E4C /* SOKVMode.h */ = {isa = PBXFileReference; fileEncoding = 4; lastKnownFileType = sourcecode.c.h; path = SOKVMode.h; sourceTree = "<group>"; };
		04F28EF919EFB4FE00613E4C /* SOKVMode.m */ = {isa = PBXFileReference; fileEncoding = 4; lastKnownFileType = sourcecode.c.objc; path = SOKVMode.m; sourceTree = "<group>"; };
		04F28EFA19EFB4FE00613E4C /* SOVMediaPlayer.h */ = {isa = PBXFileReference; fileEncoding = 4; lastKnownFileType = sourcecode.c.h; path = SOVMediaPlayer.h; sourceTree = "<group>"; };
		04F28EFB19EFB4FE00613E4C /* SOVMediaPlayer.m */ = {isa = PBXFileReference; fileEncoding = 4; lastKnownFileType = sourcecode.c.objc; path = SOVMediaPlayer.m; sourceTree = "<group>"; };
		04F28EFD19EFB4FE00613E4C /* DeviceRender.h */ = {isa = PBXFileReference; fileEncoding = 4; lastKnownFileType = sourcecode.c.h; name = DeviceRender.h; path = SSDPLib/DeviceRender.h; sourceTree = "<group>"; };
		04F28EFE19EFB4FE00613E4C /* DeviceRender.m */ = {isa = PBXFileReference; fileEncoding = 4; lastKnownFileType = sourcecode.c.objc; name = DeviceRender.m; path = SSDPLib/DeviceRender.m; sourceTree = "<group>"; };
		04F28EFF19EFB4FE00613E4C /* DeviceService.h */ = {isa = PBXFileReference; fileEncoding = 4; lastKnownFileType = sourcecode.c.h; name = DeviceService.h; path = SSDPLib/DeviceService.h; sourceTree = "<group>"; };
		04F28F0019EFB4FE00613E4C /* DeviceService.m */ = {isa = PBXFileReference; fileEncoding = 4; lastKnownFileType = sourcecode.c.objc; name = DeviceService.m; path = SSDPLib/DeviceService.m; sourceTree = "<group>"; };
		04F28F0119EFB4FE00613E4C /* SSDP.h */ = {isa = PBXFileReference; fileEncoding = 4; lastKnownFileType = sourcecode.c.h; path = SSDP.h; sourceTree = "<group>"; };
		04F28F0219EFB4FE00613E4C /* SSDP.m */ = {isa = PBXFileReference; fileEncoding = 4; lastKnownFileType = sourcecode.c.objc; path = SSDP.m; sourceTree = "<group>"; };
		04F28F0319EFB4FE00613E4C /* SSDPDeviceSearch.h */ = {isa = PBXFileReference; fileEncoding = 4; lastKnownFileType = sourcecode.c.h; path = SSDPDeviceSearch.h; sourceTree = "<group>"; };
		04F28F0419EFB4FE00613E4C /* SSDPDeviceSearch.m */ = {isa = PBXFileReference; fileEncoding = 4; lastKnownFileType = sourcecode.c.objc; path = SSDPDeviceSearch.m; sourceTree = "<group>"; };
		04F28F0519EFB4FE00613E4C /* XMLDictionary.h */ = {isa = PBXFileReference; fileEncoding = 4; lastKnownFileType = sourcecode.c.h; path = XMLDictionary.h; sourceTree = "<group>"; };
		04F28F0619EFB4FE00613E4C /* XMLDictionary.m */ = {isa = PBXFileReference; fileEncoding = 4; lastKnownFileType = sourcecode.c.objc; path = XMLDictionary.m; sourceTree = "<group>"; };
		04F28F0719EFB4FE00613E4C /* upnpAction.h */ = {isa = PBXFileReference; fileEncoding = 4; lastKnownFileType = sourcecode.c.h; path = upnpAction.h; sourceTree = "<group>"; };
		04F28F0819EFB4FE00613E4C /* upnpAction.m */ = {isa = PBXFileReference; fileEncoding = 4; lastKnownFileType = sourcecode.c.objc; path = upnpAction.m; sourceTree = "<group>"; };
		04F28F0919EFB4FE00613E4C /* upnpDeviceManager.h */ = {isa = PBXFileReference; fileEncoding = 4; lastKnownFileType = sourcecode.c.h; path = upnpDeviceManager.h; sourceTree = "<group>"; };
		04F28F0A19EFB4FE00613E4C /* upnpDeviceManager.m */ = {isa = PBXFileReference; fileEncoding = 4; lastKnownFileType = sourcecode.c.objc; path = upnpDeviceManager.m; sourceTree = "<group>"; };
		04F28F0B19EFB4FE00613E4C /* UpnpHelper.h */ = {isa = PBXFileReference; fileEncoding = 4; lastKnownFileType = sourcecode.c.h; path = UpnpHelper.h; sourceTree = "<group>"; };
		04F28F0C19EFB4FE00613E4C /* UpnpHelper.m */ = {isa = PBXFileReference; fileEncoding = 4; lastKnownFileType = sourcecode.c.objc; path = UpnpHelper.m; sourceTree = "<group>"; };
		04F28F0D19EFB4FE00613E4C /* upnpServiceInfo.h */ = {isa = PBXFileReference; fileEncoding = 4; lastKnownFileType = sourcecode.c.h; path = upnpServiceInfo.h; sourceTree = "<group>"; };
		04F28F0E19EFB4FE00613E4C /* upnpServiceInfo.m */ = {isa = PBXFileReference; fileEncoding = 4; lastKnownFileType = sourcecode.c.objc; path = upnpServiceInfo.m; sourceTree = "<group>"; };
		04F28F2A19EFB52D00613E4C /* VMediaPlayer.h */ = {isa = PBXFileReference; lastKnownFileType = sourcecode.c.h; path = VMediaPlayer.h; sourceTree = "<group>"; };
		04F28F2B19EFB52D00613E4C /* VMediaPlayerDelegate.h */ = {isa = PBXFileReference; lastKnownFileType = sourcecode.c.h; path = VMediaPlayerDelegate.h; sourceTree = "<group>"; };
		04F28F2C19EFB52D00613E4C /* VPlayerManageDef.h */ = {isa = PBXFileReference; lastKnownFileType = sourcecode.c.h; path = VPlayerManageDef.h; sourceTree = "<group>"; };
		04F28F2D19EFB52D00613E4C /* VSingleton.h */ = {isa = PBXFileReference; lastKnownFileType = sourcecode.c.h; path = VSingleton.h; sourceTree = "<group>"; };
		04F28F2E19EFB53600613E4C /* libffmpeg.a */ = {isa = PBXFileReference; lastKnownFileType = archive.ar; path = libffmpeg.a; sourceTree = "<group>"; };
		04F28F3019EFB54C00613E4C /* AVTansport.h */ = {isa = PBXFileReference; fileEncoding = 4; lastKnownFileType = sourcecode.c.h; path = AVTansport.h; sourceTree = "<group>"; };
		04F28F3119EFB54C00613E4C /* AVTansport.m */ = {isa = PBXFileReference; fileEncoding = 4; lastKnownFileType = sourcecode.c.objc; path = AVTansport.m; sourceTree = "<group>"; };
		04F28F3219EFB54C00613E4C /* CommonHelperManager.h */ = {isa = PBXFileReference; fileEncoding = 4; lastKnownFileType = sourcecode.c.h; path = CommonHelperManager.h; sourceTree = "<group>"; };
		04F28F3319EFB54C00613E4C /* CommonHelperManager.m */ = {isa = PBXFileReference; fileEncoding = 4; lastKnownFileType = sourcecode.c.objc; path = CommonHelperManager.m; sourceTree = "<group>"; };
		04F28F3419EFB54C00613E4C /* LocalIpodAudio.h */ = {isa = PBXFileReference; fileEncoding = 4; lastKnownFileType = sourcecode.c.h; path = LocalIpodAudio.h; sourceTree = "<group>"; };
		04F28F3719EFB56C00613E4C /* RootViewController.h */ = {isa = PBXFileReference; fileEncoding = 4; lastKnownFileType = sourcecode.c.h; path = RootViewController.h; sourceTree = "<group>"; };
		04F28F3819EFB56C00613E4C /* RootViewController.m */ = {isa = PBXFileReference; fileEncoding = 4; lastKnownFileType = sourcecode.c.objc; path = RootViewController.m; sourceTree = "<group>"; };
		04F28F4119EFBC9E00613E4C /* VDefines.h */ = {isa = PBXFileReference; lastKnownFileType = sourcecode.c.h; path = VDefines.h; sourceTree = "<group>"; };
/* End PBXFileReference section */

/* Begin PBXFrameworksBuildPhase section */
		04F28EAB19EFB3FA00613E4C /* Frameworks */ = {
			isa = PBXFrameworksBuildPhase;
			buildActionMask = 2147483647;
			files = (
				04F28F2F19EFB53600613E4C /* libffmpeg.a in Frameworks */,
			);
			runOnlyForDeploymentPostprocessing = 0;
		};
		04F28EC719EFB3FB00613E4C /* Frameworks */ = {
			isa = PBXFrameworksBuildPhase;
			buildActionMask = 2147483647;
			files = (
			);
			runOnlyForDeploymentPostprocessing = 0;
		};
/* End PBXFrameworksBuildPhase section */

/* Begin PBXGroup section */
		04F28EA519EFB3FA00613E4C = {
			isa = PBXGroup;
			children = (
				04F28F2919EFB50A00613E4C /* ThirdPartLib */,
				04F28EDA19EFB4EF00613E4C /* upnp */,
				04F28EB019EFB3FA00613E4C /* NewUPNP */,
				04F28ECD19EFB3FB00613E4C /* NewUPNPTests */,
				04F28EAF19EFB3FA00613E4C /* Products */,
			);
			sourceTree = "<group>";
		};
		04F28EAF19EFB3FA00613E4C /* Products */ = {
			isa = PBXGroup;
			children = (
				04F28EAE19EFB3FA00613E4C /* NewUPNP.app */,
				04F28ECA19EFB3FB00613E4C /* NewUPNPTests.xctest */,
			);
			name = Products;
			sourceTree = "<group>";
		};
		04F28EB019EFB3FA00613E4C /* NewUPNP */ = {
			isa = PBXGroup;
			children = (
				04F28EF719EFB4FE00613E4C /* SODefine.h */,
				04F28F3719EFB56C00613E4C /* RootViewController.h */,
				04F28F3819EFB56C00613E4C /* RootViewController.m */,
				04F28EB519EFB3FA00613E4C /* AppDelegate.h */,
				04F28EB619EFB3FA00613E4C /* AppDelegate.m */,
				04F28EC119EFB3FA00613E4C /* Images.xcassets */,
				04F28EB819EFB3FA00613E4C /* NewUPNP.xcdatamodeld */,
				04F28EB119EFB3FA00613E4C /* Supporting Files */,
			);
			path = NewUPNP;
			sourceTree = "<group>";
		};
		04F28EB119EFB3FA00613E4C /* Supporting Files */ = {
			isa = PBXGroup;
			children = (
				04F28EB219EFB3FA00613E4C /* Info.plist */,
				04F28EB319EFB3FA00613E4C /* main.m */,
			);
			name = "Supporting Files";
			sourceTree = "<group>";
		};
		04F28ECD19EFB3FB00613E4C /* NewUPNPTests */ = {
			isa = PBXGroup;
			children = (
				04F28ED019EFB3FB00613E4C /* NewUPNPTests.m */,
				04F28ECE19EFB3FB00613E4C /* Supporting Files */,
			);
			path = NewUPNPTests;
			sourceTree = "<group>";
		};
		04F28ECE19EFB3FB00613E4C /* Supporting Files */ = {
			isa = PBXGroup;
			children = (
				04F28ECF19EFB3FB00613E4C /* Info.plist */,
			);
			name = "Supporting Files";
			sourceTree = "<group>";
		};
		04F28EDA19EFB4EF00613E4C /* upnp */ = {
			isa = PBXGroup;
			children = (
				04F28F3E19EFB6CE00613E4C /* upnpLib */,
				04F28EFC19EFB4FE00613E4C /* SSDPLib */,
				04F28F3C19EFB62C00613E4C /* Player */,
				04F28F3B19EFB5DF00613E4C /* Mode */,
				04F28F3A19EFB59800613E4C /* Helper */,
			);
			name = upnp;
			sourceTree = "<group>";
		};
		04F28EFC19EFB4FE00613E4C /* SSDPLib */ = {
			isa = PBXGroup;
			children = (
				04F28F0119EFB4FE00613E4C /* SSDP.h */,
				04F28F0219EFB4FE00613E4C /* SSDP.m */,
				04F28F0319EFB4FE00613E4C /* SSDPDeviceSearch.h */,
				04F28F0419EFB4FE00613E4C /* SSDPDeviceSearch.m */,
				04F28F0519EFB4FE00613E4C /* XMLDictionary.h */,
				04F28F0619EFB4FE00613E4C /* XMLDictionary.m */,
			);
			path = SSDPLib;
			sourceTree = "<group>";
		};
		04F28F2919EFB50A00613E4C /* ThirdPartLib */ = {
			isa = PBXGroup;
			children = (
				04F28F4119EFBC9E00613E4C /* VDefines.h */,
				04F28F2E19EFB53600613E4C /* libffmpeg.a */,
				04F28F2A19EFB52D00613E4C /* VMediaPlayer.h */,
				04F28F2B19EFB52D00613E4C /* VMediaPlayerDelegate.h */,
				04F28F2C19EFB52D00613E4C /* VPlayerManageDef.h */,
				04F28F2D19EFB52D00613E4C /* VSingleton.h */,
			);
			name = ThirdPartLib;
			sourceTree = "<group>";
		};
		04F28F3A19EFB59800613E4C /* Helper */ = {
			isa = PBXGroup;
			children = (
				04F28F3419EFB54C00613E4C /* LocalIpodAudio.h */,
				04F28EDB19EFB4FE00613E4C /* LocalIpodAudio.m */,
				04F28F3219EFB54C00613E4C /* CommonHelperManager.h */,
				04F28F3319EFB54C00613E4C /* CommonHelperManager.m */,
				04F28F0B19EFB4FE00613E4C /* UpnpHelper.h */,
				04F28F0C19EFB4FE00613E4C /* UpnpHelper.m */,
			);
			name = Helper;
			sourceTree = "<group>";
		};
		04F28F3B19EFB5DF00613E4C /* Mode */ = {
			isa = PBXGroup;
			children = (
				04F28EF819EFB4FE00613E4C /* SOKVMode.h */,
				04F28EF919EFB4FE00613E4C /* SOKVMode.m */,
				04F28EED19EFB4FE00613E4C /* SOAlbum.h */,
				04F28EEE19EFB4FE00613E4C /* SOAlbum.m */,
				04F28EEF19EFB4FE00613E4C /* SOArtist.h */,
				04F28EF019EFB4FE00613E4C /* SOArtist.m */,
				04F28EF119EFB4FE00613E4C /* SOAudio.h */,
				04F28EF219EFB4FE00613E4C /* SOAudio.m */,
				04F28EE319EFB4FE00613E4C /* PositionInfo.h */,
				04F28EE419EFB4FE00613E4C /* PositionInfo.m */,
				04F28EDF19EFB4FE00613E4C /* PlayAudio.h */,
				04F28EE019EFB4FE00613E4C /* PlayAudio.m */,
			);
			name = Mode;
			sourceTree = "<group>";
		};
		04F28F3C19EFB62C00613E4C /* Player */ = {
			isa = PBXGroup;
			children = (
				04F28F3D19EFB68D00613E4C /* LocalPlayer */,
				04F28EE119EFB4FE00613E4C /* PlayList.h */,
				04F28EE219EFB4FE00613E4C /* PlayList.m */,
				04F28EE519EFB4FE00613E4C /* RemotePlay.h */,
				04F28EE619EFB4FE00613E4C /* RemotePlay.m */,
			);
			name = Player;
			sourceTree = "<group>";
		};
		04F28F3D19EFB68D00613E4C /* LocalPlayer */ = {
			isa = PBXGroup;
			children = (
				04F28EF319EFB4FE00613E4C /* SOAudioPlayer.h */,
				04F28EF419EFB4FE00613E4C /* SOAudioPlayer.m */,
				04F28EF519EFB4FE00613E4C /* SOAVPlayer.h */,
				04F28EF619EFB4FE00613E4C /* SOAVPlayer.m */,
				04F28EFA19EFB4FE00613E4C /* SOVMediaPlayer.h */,
				04F28EFB19EFB4FE00613E4C /* SOVMediaPlayer.m */,
				04F28EDC19EFB4FE00613E4C /* LocalPlay.h */,
				04F28EDD19EFB4FE00613E4C /* LocalPlay.m */,
			);
			name = LocalPlayer;
			sourceTree = "<group>";
		};
		04F28F3E19EFB6CE00613E4C /* upnpLib */ = {
			isa = PBXGroup;
			children = (
				04F28EE719EFB4FE00613E4C /* RemoteServer.h */,
				04F28EE819EFB4FE00613E4C /* RemoteServer.m */,
				04F28EFD19EFB4FE00613E4C /* DeviceRender.h */,
				04F28EFE19EFB4FE00613E4C /* DeviceRender.m */,
				04F28EFF19EFB4FE00613E4C /* DeviceService.h */,
				04F28F0019EFB4FE00613E4C /* DeviceService.m */,
				04F28F3019EFB54C00613E4C /* AVTansport.h */,
				04F28F3119EFB54C00613E4C /* AVTansport.m */,
				04F28EE919EFB4FE00613E4C /* RenderingControl.h */,
				04F28EEA19EFB4FE00613E4C /* RenderingControl.m */,
				04F28EEB19EFB4FE00613E4C /* ServiceContent.h */,
				04F28EEC19EFB4FE00613E4C /* ServiceContent.m */,
				04F28F0719EFB4FE00613E4C /* upnpAction.h */,
				04F28F0819EFB4FE00613E4C /* upnpAction.m */,
				04F28F0919EFB4FE00613E4C /* upnpDeviceManager.h */,
				04F28F0A19EFB4FE00613E4C /* upnpDeviceManager.m */,
				04F28F0D19EFB4FE00613E4C /* upnpServiceInfo.h */,
				04F28F0E19EFB4FE00613E4C /* upnpServiceInfo.m */,
			);
			name = upnpLib;
			sourceTree = "<group>";
		};
/* End PBXGroup section */

/* Begin PBXNativeTarget section */
		04F28EAD19EFB3FA00613E4C /* NewUPNP */ = {
			isa = PBXNativeTarget;
			buildConfigurationList = 04F28ED419EFB3FB00613E4C /* Build configuration list for PBXNativeTarget "NewUPNP" */;
			buildPhases = (
				04F28EAA19EFB3FA00613E4C /* Sources */,
				04F28EAB19EFB3FA00613E4C /* Frameworks */,
				04F28EAC19EFB3FA00613E4C /* Resources */,
			);
			buildRules = (
			);
			dependencies = (
			);
			name = NewUPNP;
			productName = NewUPNP;
			productReference = 04F28EAE19EFB3FA00613E4C /* NewUPNP.app */;
			productType = "com.apple.product-type.application";
		};
		04F28EC919EFB3FB00613E4C /* NewUPNPTests */ = {
			isa = PBXNativeTarget;
			buildConfigurationList = 04F28ED719EFB3FB00613E4C /* Build configuration list for PBXNativeTarget "NewUPNPTests" */;
			buildPhases = (
				04F28EC619EFB3FB00613E4C /* Sources */,
				04F28EC719EFB3FB00613E4C /* Frameworks */,
				04F28EC819EFB3FB00613E4C /* Resources */,
			);
			buildRules = (
			);
			dependencies = (
				04F28ECC19EFB3FB00613E4C /* PBXTargetDependency */,
			);
			name = NewUPNPTests;
			productName = NewUPNPTests;
			productReference = 04F28ECA19EFB3FB00613E4C /* NewUPNPTests.xctest */;
			productType = "com.apple.product-type.bundle.unit-test";
		};
/* End PBXNativeTarget section */

/* Begin PBXProject section */
		04F28EA619EFB3FA00613E4C /* Project object */ = {
			isa = PBXProject;
			attributes = {
				LastUpgradeCheck = 0600;
				ORGANIZATIONNAME = deng.com;
				TargetAttributes = {
					04F28EAD19EFB3FA00613E4C = {
						CreatedOnToolsVersion = 6.0.1;
					};
					04F28EC919EFB3FB00613E4C = {
						CreatedOnToolsVersion = 6.0.1;
						TestTargetID = 04F28EAD19EFB3FA00613E4C;
					};
				};
			};
			buildConfigurationList = 04F28EA919EFB3FA00613E4C /* Build configuration list for PBXProject "NewUPNP" */;
			compatibilityVersion = "Xcode 3.2";
			developmentRegion = English;
			hasScannedForEncodings = 0;
			knownRegions = (
				en,
				Base,
			);
			mainGroup = 04F28EA519EFB3FA00613E4C;
			productRefGroup = 04F28EAF19EFB3FA00613E4C /* Products */;
			projectDirPath = "";
			projectRoot = "";
			targets = (
				04F28EAD19EFB3FA00613E4C /* NewUPNP */,
				04F28EC919EFB3FB00613E4C /* NewUPNPTests */,
			);
		};
/* End PBXProject section */

/* Begin PBXResourcesBuildPhase section */
		04F28EAC19EFB3FA00613E4C /* Resources */ = {
			isa = PBXResourcesBuildPhase;
			buildActionMask = 2147483647;
			files = (
				04F28EC219EFB3FA00613E4C /* Images.xcassets in Resources */,
			);
			runOnlyForDeploymentPostprocessing = 0;
		};
		04F28EC819EFB3FB00613E4C /* Resources */ = {
			isa = PBXResourcesBuildPhase;
			buildActionMask = 2147483647;
			files = (
			);
			runOnlyForDeploymentPostprocessing = 0;
		};
/* End PBXResourcesBuildPhase section */

/* Begin PBXSourcesBuildPhase section */
		04F28EAA19EFB3FA00613E4C /* Sources */ = {
			isa = PBXSourcesBuildPhase;
			buildActionMask = 2147483647;
			files = (
				04F28F0F19EFB4FE00613E4C /* LocalIpodAudio.m in Sources */,
				04F28F3519EFB54C00613E4C /* AVTansport.m in Sources */,
				04F28F1619EFB4FE00613E4C /* RemoteServer.m in Sources */,
				04F28F3619EFB54C00613E4C /* CommonHelperManager.m in Sources */,
				04F28F2519EFB4FE00613E4C /* upnpAction.m in Sources */,
				04F28F1419EFB4FE00613E4C /* PositionInfo.m in Sources */,
				04F28F1019EFB4FE00613E4C /* LocalPlay.m in Sources */,
				04F28F1F19EFB4FE00613E4C /* SOVMediaPlayer.m in Sources */,
				04F28F1719EFB4FE00613E4C /* RenderingControl.m in Sources */,
				04F28F1A19EFB4FE00613E4C /* SOArtist.m in Sources */,
				04F28F2819EFB4FE00613E4C /* upnpServiceInfo.m in Sources */,
				04F28F2219EFB4FE00613E4C /* SSDP.m in Sources */,
				04F28EBA19EFB3FA00613E4C /* NewUPNP.xcdatamodeld in Sources */,
				04F28F2019EFB4FE00613E4C /* DeviceRender.m in Sources */,
				04F28F1819EFB4FE00613E4C /* ServiceContent.m in Sources */,
				04F28F1B19EFB4FE00613E4C /* SOAudio.m in Sources */,
				04F28F1919EFB4FE00613E4C /* SOAlbum.m in Sources */,
				04F28EB719EFB3FA00613E4C /* AppDelegate.m in Sources */,
				04F28F3919EFB56C00613E4C /* RootViewController.m in Sources */,
				04F28F1C19EFB4FE00613E4C /* SOAudioPlayer.m in Sources */,
				04F28F2619EFB4FE00613E4C /* upnpDeviceManager.m in Sources */,
				04F28F2419EFB4FE00613E4C /* XMLDictionary.m in Sources */,
				04F28F1D19EFB4FE00613E4C /* SOAVPlayer.m in Sources */,
				04F28F1E19EFB4FE00613E4C /* SOKVMode.m in Sources */,
				04F28F1219EFB4FE00613E4C /* PlayAudio.m in Sources */,
				04F28F2719EFB4FE00613E4C /* UpnpHelper.m in Sources */,
				04F28EB419EFB3FA00613E4C /* main.m in Sources */,
				04F28F1319EFB4FE00613E4C /* PlayList.m in Sources */,
				04F28F2319EFB4FE00613E4C /* SSDPDeviceSearch.m in Sources */,
				04F28F1519EFB4FE00613E4C /* RemotePlay.m in Sources */,
				04F28F2119EFB4FE00613E4C /* DeviceService.m in Sources */,
			);
			runOnlyForDeploymentPostprocessing = 0;
		};
		04F28EC619EFB3FB00613E4C /* Sources */ = {
			isa = PBXSourcesBuildPhase;
			buildActionMask = 2147483647;
			files = (
				04F28ED119EFB3FB00613E4C /* NewUPNPTests.m in Sources */,
			);
			runOnlyForDeploymentPostprocessing = 0;
		};
/* End PBXSourcesBuildPhase section */

/* Begin PBXTargetDependency section */
		04F28ECC19EFB3FB00613E4C /* PBXTargetDependency */ = {
			isa = PBXTargetDependency;
			target = 04F28EAD19EFB3FA00613E4C /* NewUPNP */;
			targetProxy = 04F28ECB19EFB3FB00613E4C /* PBXContainerItemProxy */;
		};
/* End PBXTargetDependency section */

/* Begin XCBuildConfiguration section */
		04F28ED219EFB3FB00613E4C /* Debug */ = {
			isa = XCBuildConfiguration;
			buildSettings = {
				ALWAYS_SEARCH_USER_PATHS = NO;
				CLANG_CXX_LANGUAGE_STANDARD = "gnu++0x";
				CLANG_CXX_LIBRARY = "libc++";
				CLANG_ENABLE_MODULES = YES;
				CLANG_ENABLE_OBJC_ARC = YES;
				CLANG_WARN_BOOL_CONVERSION = YES;
				CLANG_WARN_CONSTANT_CONVERSION = YES;
				CLANG_WARN_DIRECT_OBJC_ISA_USAGE = YES_ERROR;
				CLANG_WARN_EMPTY_BODY = YES;
				CLANG_WARN_ENUM_CONVERSION = YES;
				CLANG_WARN_INT_CONVERSION = YES;
				CLANG_WARN_OBJC_ROOT_CLASS = YES_ERROR;
				CLANG_WARN_UNREACHABLE_CODE = YES;
				CLANG_WARN__DUPLICATE_METHOD_MATCH = YES;
				"CODE_SIGN_IDENTITY[sdk=iphoneos*]" = "iPhone Developer";
				COPY_PHASE_STRIP = NO;
				ENABLE_STRICT_OBJC_MSGSEND = YES;
				GCC_C_LANGUAGE_STANDARD = gnu99;
				GCC_DYNAMIC_NO_PIC = NO;
				GCC_OPTIMIZATION_LEVEL = 0;
				GCC_PREPROCESSOR_DEFINITIONS = (
					"DEBUG=1",
					"$(inherited)",
				);
				GCC_SYMBOLS_PRIVATE_EXTERN = NO;
				GCC_WARN_64_TO_32_BIT_CONVERSION = YES;
				GCC_WARN_ABOUT_RETURN_TYPE = YES_ERROR;
				GCC_WARN_UNDECLARED_SELECTOR = YES;
				GCC_WARN_UNINITIALIZED_AUTOS = YES_AGGRESSIVE;
				GCC_WARN_UNUSED_FUNCTION = YES;
				GCC_WARN_UNUSED_VARIABLE = YES;
				IPHONEOS_DEPLOYMENT_TARGET = 8.0;
				MTL_ENABLE_DEBUG_INFO = YES;
				ONLY_ACTIVE_ARCH = YES;
				SDKROOT = iphoneos;
			};
			name = Debug;
		};
		04F28ED319EFB3FB00613E4C /* Release */ = {
			isa = XCBuildConfiguration;
			buildSettings = {
				ALWAYS_SEARCH_USER_PATHS = NO;
				CLANG_CXX_LANGUAGE_STANDARD = "gnu++0x";
				CLANG_CXX_LIBRARY = "libc++";
				CLANG_ENABLE_MODULES = YES;
				CLANG_ENABLE_OBJC_ARC = YES;
				CLANG_WARN_BOOL_CONVERSION = YES;
				CLANG_WARN_CONSTANT_CONVERSION = YES;
				CLANG_WARN_DIRECT_OBJC_ISA_USAGE = YES_ERROR;
				CLANG_WARN_EMPTY_BODY = YES;
				CLANG_WARN_ENUM_CONVERSION = YES;
				CLANG_WARN_INT_CONVERSION = YES;
				CLANG_WARN_OBJC_ROOT_CLASS = YES_ERROR;
				CLANG_WARN_UNREACHABLE_CODE = YES;
				CLANG_WARN__DUPLICATE_METHOD_MATCH = YES;
				"CODE_SIGN_IDENTITY[sdk=iphoneos*]" = "iPhone Developer";
				COPY_PHASE_STRIP = YES;
				ENABLE_NS_ASSERTIONS = NO;
				ENABLE_STRICT_OBJC_MSGSEND = YES;
				GCC_C_LANGUAGE_STANDARD = gnu99;
				GCC_WARN_64_TO_32_BIT_CONVERSION = YES;
				GCC_WARN_ABOUT_RETURN_TYPE = YES_ERROR;
				GCC_WARN_UNDECLARED_SELECTOR = YES;
				GCC_WARN_UNINITIALIZED_AUTOS = YES_AGGRESSIVE;
				GCC_WARN_UNUSED_FUNCTION = YES;
				GCC_WARN_UNUSED_VARIABLE = YES;
				IPHONEOS_DEPLOYMENT_TARGET = 8.0;
				MTL_ENABLE_DEBUG_INFO = NO;
				SDKROOT = iphoneos;
				VALIDATE_PRODUCT = YES;
			};
			name = Release;
		};
		04F28ED519EFB3FB00613E4C /* Debug */ = {
			isa = XCBuildConfiguration;
			buildSettings = {
				ASSETCATALOG_COMPILER_APPICON_NAME = AppIcon;
				GCC_INCREASE_PRECOMPILED_HEADER_SHARING = NO;
				GCC_PRECOMPILE_PREFIX_HEADER = NO;
				GCC_PREFIX_HEADER = "";
				INFOPLIST_FILE = NewUPNP/Info.plist;
				IPHONEOS_DEPLOYMENT_TARGET = 7.0;
				LD_RUNPATH_SEARCH_PATHS = "$(inherited) @executable_path/Frameworks";
				LIBRARY_SEARCH_PATHS = (
					"$(inherited)",
					"$(PROJECT_DIR)",
				);
				PRODUCT_NAME = "$(TARGET_NAME)";
			};
			name = Debug;
		};
		04F28ED619EFB3FB00613E4C /* Release */ = {
			isa = XCBuildConfiguration;
			buildSettings = {
				ASSETCATALOG_COMPILER_APPICON_NAME = AppIcon;
				GCC_INCREASE_PRECOMPILED_HEADER_SHARING = NO;
				GCC_PRECOMPILE_PREFIX_HEADER = NO;
				GCC_PREFIX_HEADER = "";
				INFOPLIST_FILE = NewUPNP/Info.plist;
				IPHONEOS_DEPLOYMENT_TARGET = 7.0;
				LD_RUNPATH_SEARCH_PATHS = "$(inherited) @executable_path/Frameworks";
				LIBRARY_SEARCH_PATHS = (
					"$(inherited)",
					"$(PROJECT_DIR)",
				);
				PRODUCT_NAME = "$(TARGET_NAME)";
			};
			name = Release;
		};
		04F28ED819EFB3FB00613E4C /* Debug */ = {
			isa = XCBuildConfiguration;
			buildSettings = {
				BUNDLE_LOADER = "$(TEST_HOST)";
				FRAMEWORK_SEARCH_PATHS = (
					"$(SDKROOT)/Developer/Library/Frameworks",
					"$(inherited)",
				);
				GCC_PREPROCESSOR_DEFINITIONS = (
					"DEBUG=1",
					"$(inherited)",
				);
				INFOPLIST_FILE = NewUPNPTests/Info.plist;
				LD_RUNPATH_SEARCH_PATHS = "$(inherited) @executable_path/Frameworks @loader_path/Frameworks";
				PRODUCT_NAME = "$(TARGET_NAME)";
				TEST_HOST = "$(BUILT_PRODUCTS_DIR)/NewUPNP.app/NewUPNP";
			};
			name = Debug;
		};
		04F28ED919EFB3FB00613E4C /* Release */ = {
			isa = XCBuildConfiguration;
			buildSettings = {
				BUNDLE_LOADER = "$(TEST_HOST)";
				FRAMEWORK_SEARCH_PATHS = (
					"$(SDKROOT)/Developer/Library/Frameworks",
					"$(inherited)",
				);
				INFOPLIST_FILE = NewUPNPTests/Info.plist;
				LD_RUNPATH_SEARCH_PATHS = "$(inherited) @executable_path/Frameworks @loader_path/Frameworks";
				PRODUCT_NAME = "$(TARGET_NAME)";
				TEST_HOST = "$(BUILT_PRODUCTS_DIR)/NewUPNP.app/NewUPNP";
			};
			name = Release;
		};
/* End XCBuildConfiguration section */

/* Begin XCConfigurationList section */
		04F28EA919EFB3FA00613E4C /* Build configuration list for PBXProject "NewUPNP" */ = {
			isa = XCConfigurationList;
			buildConfigurations = (
				04F28ED219EFB3FB00613E4C /* Debug */,
				04F28ED319EFB3FB00613E4C /* Release */,
			);
			defaultConfigurationIsVisible = 0;
			defaultConfigurationName = Release;
		};
		04F28ED419EFB3FB00613E4C /* Build configuration list for PBXNativeTarget "NewUPNP" */ = {
			isa = XCConfigurationList;
			buildConfigurations = (
				04F28ED519EFB3FB00613E4C /* Debug */,
				04F28ED619EFB3FB00613E4C /* Release */,
			);
			defaultConfigurationIsVisible = 0;
		};
		04F28ED719EFB3FB00613E4C /* Build configuration list for PBXNativeTarget "NewUPNPTests" */ = {
			isa = XCConfigurationList;
			buildConfigurations = (
				04F28ED819EFB3FB00613E4C /* Debug */,
				04F28ED919EFB3FB00613E4C /* Release */,
			);
			defaultConfigurationIsVisible = 0;
		};
/* End XCConfigurationList section */

/* Begin XCVersionGroup section */
		04F28EB819EFB3FA00613E4C /* NewUPNP.xcdatamodeld */ = {
			isa = XCVersionGroup;
			children = (
				04F28EB919EFB3FA00613E4C /* NewUPNP.xcdatamodel */,
			);
			currentVersion = 04F28EB919EFB3FA00613E4C /* NewUPNP.xcdatamodel */;
			path = NewUPNP.xcdatamodeld;
			sourceTree = "<group>";
			versionGroupType = wrapper.xcdatamodel;
		};
/* End XCVersionGroup section */
	};
	rootObject = 04F28EA619EFB3FA00613E4C /* Project object */;
}
